
Microsoft Visual Studio Solution File, Format Version 12.00
# Visual Studio Version 16
VisualStudioVersion = 16.0.30804.86
MinimumVisualStudioVersion = 10.0.40219.1
Project("{9A19103F-16F7-4668-BE54-9A1E7A4F7556}") = "AzuriteNugetDevOps", "AzuriteNugetDevOps\AzuriteNugetDevOps.csproj", "{48771A54-8E49-4A28-87EF-08056DD340C8}"
EndProject
Project("{FAE04EC0-301F-11D3-BF4B-00C04F79EFBC}") = "AzuriteNugetDevOps.Tests", "AzuriteNugetDevOps.Tests\AzuriteNugetDevOps.Tests.csproj", "{560B1958-6ED6-4BB3-8FB9-F1F5A30E002F}"
EndProject
Global
	GlobalSection(SolutionConfigurationPlatforms) = preSolution
		Debug|Any CPU = Debug|Any CPU
		Release|Any CPU = Release|Any CPU
	EndGlobalSection
	GlobalSection(ProjectConfigurationPlatforms) = postSolution
		{48771A54-8E49-4A28-87EF-08056DD340C8}.Debug|Any CPU.ActiveCfg = Debug|Any CPU
		{48771A54-8E49-4A28-87EF-08056DD340C8}.Debug|Any CPU.Build.0 = Debug|Any CPU
		{48771A54-8E49-4A28-87EF-08056DD340C8}.Release|Any CPU.ActiveCfg = Release|Any CPU
		{48771A54-8E49-4A28-87EF-08056DD340C8}.Release|Any CPU.Build.0 = Release|Any CPU
		{560B1958-6ED6-4BB3-8FB9-F1F5A30E002F}.Debug|Any CPU.ActiveCfg = Debug|Any CPU
		{560B1958-6ED6-4BB3-8FB9-F1F5A30E002F}.Debug|Any CPU.Build.0 = Debug|Any CPU
		{560B1958-6ED6-4BB3-8FB9-F1F5A30E002F}.Release|Any CPU.ActiveCfg = Release|Any CPU
		{560B1958-6ED6-4BB3-8FB9-F1F5A30E002F}.Release|Any CPU.Build.0 = Release|Any CPU
	EndGlobalSection
	GlobalSection(SolutionProperties) = preSolution
		HideSolutionNode = FALSE
	EndGlobalSection
	GlobalSection(ExtensibilityGlobals) = postSolution
		SolutionGuid = {27921DED-90AD-4EFE-94E5-FEA1D2C42EED}
	EndGlobalSection
EndGlobal
